# THIS IS AN AUTOGENERATED FILE. DO NOT EDIT THIS FILE DIRECTLY.
# yarn lockfile v1


"@shopify/theme-currency@^4.1.1":
  version "4.1.1"
  resolved "https://registry.yarnpkg.com/@shopify/theme-currency/-/theme-currency-4.1.1.tgz#26d95500c85f0b7d89647f82d3a439ce4d276dea"
  integrity sha512-m7eMeI4B7R8e8tMeI1dI0CQP+JkM7fMVN1+qKwkUll+MqbHtF/6iuiyDxTGiOJxvDMOpGtS5vRIoly7fsD4CTQ==

json-stringify-pretty-compact@^3.0.0:
  version "3.0.0"
  resolved "https://registry.yarnpkg.com/json-stringify-pretty-compact/-/json-stringify-pretty-compact-3.0.0.tgz#f71ef9d82ef16483a407869556588e91b681d9ab"
  integrity sha512-Rc2suX5meI0S3bfdZuA7JMFBGkJ875ApfVyq2WHELjBiiG22My/l7/8zPpH/CfFVQHuVLd8NLR0nv6vi0BYYKA==
